// !$*UTF8*$!
{
	archiveVersion = 1;
	classes = {
	};
	objectVersion = 46;
	objects = {

/* Begin PBXBuildFile section */
		413400E51D13448000D8DB3A /* RNSKText.h in CopyFiles */ = {isa = PBXBuildFile; fileRef = 413400E41D13448000D8DB3A /* RNSKText.h */; };
		413400E71D13448000D8DB3A /* RNSKText.m in Sources */ = {isa = PBXBuildFile; fileRef = 413400E61D13448000D8DB3A /* RNSKText.m */; };
/* End PBXBuildFile section */

/* Begin PBXCopyFilesBuildPhase section */
		413400DF1D13448000D8DB3A /* CopyFiles */ = {
			isa = PBXCopyFilesBuildPhase;
			buildActionMask = 2147483647;
			dstPath = "include/$(PRODUCT_NAME)";
			dstSubfolderSpec = 16;
			files = (
				413400E51D13448000D8DB3A /* RNSKText.h in CopyFiles */,
			);
			runOnlyForDeploymentPostprocessing = 0;
		};
/* End PBXCopyFilesBuildPhase section */

/* Begin PBXFileReference section */
		413400E11D13448000D8DB3A /* libRNSKText.a */ = {isa = PBXFileReference; explicitFileType = archive.ar; includeInIndex = 0; path = libRNSKText.a; sourceTree = BUILT_PRODUCTS_DIR; };
		413400E41D13448000D8DB3A /* RNSKText.h */ = {isa = PBXFileReference; lastKnownFileType = sourcecode.c.h; path = RNSKText.h; sourceTree = "<group>"; };
		413400E61D13448000D8DB3A /* RNSKText.m */ = {isa = PBXFileReference; lastKnownFileType = sourcecode.c.objc; path = RNSKText.m; sourceTree = "<group>"; };
/* End PBXFileReference section */

/* Begin PBXFrameworksBuildPhase section */
		413400DE1D13448000D8DB3A /* Frameworks */ = {
			isa = PBXFrameworksBuildPhase;
			buildActionMask = 2147483647;
			files = (
			);
			runOnlyForDeploymentPostprocessing = 0;
		};
/* End PBXFrameworksBuildPhase section */

/* Begin PBXGroup section */
		413400D81D13448000D8DB3A = {
			isa = PBXGroup;
			children = (
				413400E31D13448000D8DB3A /* RNSKText */,
				413400E21D13448000D8DB3A /* Products */,
			);
			sourceTree = "<group>";
		};
		413400E21D13448000D8DB3A /* Products */ = {
			isa = PBXGroup;
			children = (
				413400E11D13448000D8DB3A /* libRNSKText.a */,
			);
			name = Products;
			sourceTree = "<group>";
		};
		413400E31D13448000D8DB3A /* RNSKText */ = {
			isa = PBXGroup;
			children = (
				413400E41D13448000D8DB3A /* RNSKText.h */,
				413400E61D13448000D8DB3A /* RNSKText.m */,
			);
			path = RNSKText;
			sourceTree = "<group>";
		};
/* End PBXGroup section */

/* Begin PBXNativeTarget section */
		413400E01D13448000D8DB3A /* RNSKText */ = {
			isa = PBXNativeTarget;
			buildConfigurationList = 413400EA1D13448000D8DB3A /* Build configuration list for PBXNativeTarget "RNSKText" */;
			buildPhases = (
				413400DD1D13448000D8DB3A /* Sources */,
				413400DE1D13448000D8DB3A /* Frameworks */,
				413400DF1D13448000D8DB3A /* CopyFiles */,
			);
			buildRules = (
			);
			dependencies = (
			);
			name = RNSKText;
			productName = RNSKText;
			productReference = 413400E11D13448000D8DB3A /* libRNSKText.a */;
			productType = "com.apple.product-type.library.static";
		};
/* End PBXNativeTarget section */

/* Begin PBXProject section */
		413400D91D13448000D8DB3A /* Project object */ = {
			isa = PBXProject;
			attributes = {
				LastUpgradeCheck = 0730;
				ORGANIZATIONNAME = "Ali Najafizadeh";
				TargetAttributes = {
					413400E01D13448000D8DB3A = {
						CreatedOnToolsVersion = 7.3.1;
					};
				};
			};
			buildConfigurationList = 413400DC1D13448000D8DB3A /* Build configuration list for PBXProject "RNSKText" */;
			compatibilityVersion = "Xcode 3.2";
			developmentRegion = English;
			hasScannedForEncodings = 0;
			knownRegions = (
				en,
			);
			mainGroup = 413400D81D13448000D8DB3A;
			productRefGroup = 413400E21D13448000D8DB3A /* Products */;
			projectDirPath = "";
			projectRoot = "";
			targets = (
				413400E01D13448000D8DB3A /* RNSKText */,
			);
		};
/* End PBXProject section */

/* Begin PBXSourcesBuildPhase section */
		413400DD1D13448000D8DB3A /* Sources */ = {
			isa = PBXSourcesBuildPhase;
			buildActionMask = 2147483647;
			files = (
				413400E71D13448000D8DB3A /* RNSKText.m in Sources */,
			);
			runOnlyForDeploymentPostprocessing = 0;
		};
/* End PBXSourcesBuildPhase section */

/* Begin XCBuildConfiguration section */
		413400E81D13448000D8DB3A /* Debug */ = {
			isa = XCBuildConfiguration;
			buildSettings = {
				ALWAYS_SEARCH_USER_PATHS = NO;
				CLANG_ANALYZER_NONNULL = YES;
				CLANG_CXX_LANGUAGE_STANDARD = "gnu++0x";
				CLANG_CXX_LIBRARY = "libc++";
				CLANG_ENABLE_MODULES = YES;
				CLANG_ENABLE_OBJC_ARC = YES;
				CLANG_WARN_BOOL_CONVERSION = YES;
				CLANG_WARN_CONSTANT_CONVERSION = YES;
				CLANG_WARN_DIRECT_OBJC_ISA_USAGE = YES_ERROR;
				CLANG_WARN_EMPTY_BODY = YES;
				CLANG_WARN_ENUM_CONVERSION = YES;
				CLANG_WARN_INT_CONVERSION = YES;
				CLANG_WARN_OBJC_ROOT_CLASS = YES_ERROR;
				CLANG_WARN_UNREACHABLE_CODE = YES;
				CLANG_WARN__DUPLICATE_METHOD_MATCH = YES;
				"CODE_SIGN_IDENTITY[sdk=iphoneos*]" = "iPhone Developer";
				COPY_PHASE_STRIP = NO;
				DEBUG_INFORMATION_FORMAT = dwarf;
				ENABLE_STRICT_OBJC_MSGSEND = YES;
				ENABLE_TESTABILITY = YES;
				GCC_C_LANGUAGE_STANDARD = gnu99;
				GCC_DYNAMIC_NO_PIC = NO;
				GCC_NO_COMMON_BLOCKS = YES;
				GCC_OPTIMIZATION_LEVEL = 0;
				GCC_PREPROCESSOR_DEFINITIONS = (
					"DEBUG=1",
					"$(inherited)",
				);
				GCC_WARN_64_TO_32_BIT_CONVERSION = YES;
				GCC_WARN_ABOUT_RETURN_TYPE = YES_ERROR;
				GCC_WARN_UNDECLARED_SELECTOR = YES;
				GCC_WARN_UNINITIALIZED_AUTOS = YES_AGGRESSIVE;
				GCC_WARN_UNUSED_FUNCTION = YES;
				GCC_WARN_UNUSED_VARIABLE = YES;
				IPHONEOS_DEPLOYMENT_TARGET = 9.3;
				MTL_ENABLE_DEBUG_INFO = YES;
				ONLY_ACTIVE_ARCH = YES;
				SDKROOT = iphoneos;
			};
			name = Debug;
		};
		413400E91D13448000D8DB3A /* Release */ = {
			isa = XCBuildConfiguration;
			buildSettings = {
				ALWAYS_SEARCH_USER_PATHS = NO;
				CLANG_ANALYZER_NONNULL = YES;
				CLANG_CXX_LANGUAGE_STANDARD = "gnu++0x";
				CLANG_CXX_LIBRARY = "libc++";
				CLANG_ENABLE_MODULES = YES;
				CLANG_ENABLE_OBJC_ARC = YES;
				CLANG_WARN_BOOL_CONVERSION = YES;
				CLANG_WARN_CONSTANT_CONVERSION = YES;
				CLANG_WARN_DIRECT_OBJC_ISA_USAGE = YES_ERROR;
				CLANG_WARN_EMPTY_BODY = YES;
				CLANG_WARN_ENUM_CONVERSION = YES;
				CLANG_WARN_INT_CONVERSION = YES;
				CLANG_WARN_OBJC_ROOT_CLASS = YES_ERROR;
				CLANG_WARN_UNREACHABLE_CODE = YES;
				CLANG_WARN__DUPLICATE_METHOD_MATCH = YES;
				"CODE_SIGN_IDENTITY[sdk=iphoneos*]" = "iPhone Developer";
				COPY_PHASE_STRIP = NO;
				DEBUG_INFORMATION_FORMAT = "dwarf-with-dsym";
				ENABLE_NS_ASSERTIONS = NO;
				ENABLE_STRICT_OBJC_MSGSEND = YES;
				GCC_C_LANGUAGE_STANDARD = gnu99;
				GCC_NO_COMMON_BLOCKS = YES;
				GCC_WARN_64_TO_32_BIT_CONVERSION = YES;
				GCC_WARN_ABOUT_RETURN_TYPE = YES_ERROR;
				GCC_WARN_UNDECLARED_SELECTOR = YES;
				GCC_WARN_UNINITIALIZED_AUTOS = YES_AGGRESSIVE;
				GCC_WARN_UNUSED_FUNCTION = YES;
				GCC_WARN_UNUSED_VARIABLE = YES;
				IPHONEOS_DEPLOYMENT_TARGET = 9.3;
				MTL_ENABLE_DEBUG_INFO = NO;
				SDKROOT = iphoneos;
				VALIDATE_PRODUCT = YES;
			};
			name = Release;
		};
		413400EB1D13448000D8DB3A /* Debug */ = {
			isa = XCBuildConfiguration;
			buildSettings = {
				HEADER_SEARCH_PATHS = "$(SRCROOT)/../../../../../node_modules/react-native/React/**";
				OTHER_LDFLAGS = "-ObjC";
				PRODUCT_NAME = "$(TARGET_NAME)";
				SKIP_INSTALL = YES;
			};
			name = Debug;
		};
		413400EC1D13448000D8DB3A /* Release */ = {
			isa = XCBuildConfiguration;
			buildSettings = {
				HEADER_SEARCH_PATHS = "$(SRCROOT)/../../../../../node_modules/react-native/React/**";
				OTHER_LDFLAGS = "-ObjC";
				PRODUCT_NAME = "$(TARGET_NAME)";
				SKIP_INSTALL = YES;
			};
			name = Release;
		};
/* End XCBuildConfiguration section */

/* Begin XCConfigurationList section */
		413400DC1D13448000D8DB3A /* Build configuration list for PBXProject "RNSKText" */ = {
			isa = XCConfigurationList;
			buildConfigurations = (
				413400E81D13448000D8DB3A /* Debug */,
				413400E91D13448000D8DB3A /* Release */,
			);
			defaultConfigurationIsVisible = 0;
			defaultConfigurationName = Release;
		};
		413400EA1D13448000D8DB3A /* Build configuration list for PBXNativeTarget "RNSKText" */ = {
			isa = XCConfigurationList;
			buildConfigurations = (
				413400EB1D13448000D8DB3A /* Debug */,
				413400EC1D13448000D8DB3A /* Release */,
			);
			defaultConfigurationIsVisible = 0;
			defaultConfigurationName = Release;
		};
/* End XCConfigurationList section */
	};
	rootObject = 413400D91D13448000D8DB3A /* Project object */;
}
